{
  "version": 1,
  "dependencies": {
    "net7.0-windows7.0": {
      "Dalamud.ContextMenu": {
        "type": "Direct",
        "requested": "[1.2.1, )",
        "resolved": "1.2.1",
        "contentHash": "RiBkn1OYRTnVbfUGYolLBE8MOeXjok+JiZaryb27oGa7YARCTu0XgUzkRiCglujknsHOn5kAaXsT3TUJmqMigg=="
      },
      "DalamudPackager": {
        "type": "Direct",
        "requested": "[2.1.2, )",
        "resolved": "2.1.2",
        "contentHash": "6i24wb36qPpJfyyVePHctXE3KXjQu4w3J12kdOlH5PZJcqB+aPkPZGuOebbDVCvt8RwNRjTnhhAFn8lHlvMmTg=="
      },
      "kamilib": {
        "type": "Project"
      }
    }
  }
}